
Microsoft Visual Studio Solution File, Format Version 12.00
# Visual Studio Version 16
VisualStudioVersion = 16.0.28822.285
MinimumVisualStudioVersion = 10.0.40219.1
Project("{FAE04EC0-301F-11D3-BF4B-00C04F79EFBC}") = "ValidationSample", "ValidationSample\ValidationSample.csproj", "{C10CF199-347C-4902-8AFE-19CC340938B8}"
EndProject
Project("{2150E333-8FDC-42A3-9474-1A3956D46DE8}") = "Items", "Items", "{7B4F6AB9-DB86-46A8-9ECE-A7FD58035922}"
	ProjectSection(SolutionItems) = preProject
		images\home-1.png = images\home-1.png
		README.md = README.md
	EndProjectSection
EndProject
Global
	GlobalSection(SolutionConfigurationPlatforms) = preSolution
		Debug|Any CPU = Debug|Any CPU
		Release|Any CPU = Release|Any CPU
	EndGlobalSection
	GlobalSection(ProjectConfigurationPlatforms) = postSolution
		{C10CF199-347C-4902-8AFE-19CC340938B8}.Debug|Any CPU.ActiveCfg = Debug|Any CPU
		{C10CF199-347C-4902-8AFE-19CC340938B8}.Debug|Any CPU.Build.0 = Debug|Any CPU
		{C10CF199-347C-4902-8AFE-19CC340938B8}.Release|Any CPU.ActiveCfg = Release|Any CPU
		{C10CF199-347C-4902-8AFE-19CC340938B8}.Release|Any CPU.Build.0 = Release|Any CPU
	EndGlobalSection
	GlobalSection(SolutionProperties) = preSolution
		HideSolutionNode = FALSE
	EndGlobalSection
	GlobalSection(ExtensibilityGlobals) = postSolution
		SolutionGuid = {5284B440-0A15-4699-A505-11EE43DBBD18}
	EndGlobalSection
EndGlobal
